
Microsoft Visual Studio Solution File, Format Version 11.00
# Visual Studio 2010
Project("{FAE04EC0-301F-11D3-BF4B-00C04F79EFBC}") = "CrudMvc", "CrudMvc\CrudMvc.csproj", "{B52B6781-53BC-47BF-8335-A21101AE563C}"
EndProject
Project("{FAE04EC0-301F-11D3-BF4B-00C04F79EFBC}") = "Web", "Web\Web.csproj", "{077F357A-5285-48A3-A9EC-908B46FD9EC1}"
EndProject
Global
	GlobalSection(SubversionScc) = preSolution
		Svn-Managed = True
		Manager = AnkhSVN - Subversion Support for Visual Studio
	EndGlobalSection
	GlobalSection(SolutionConfigurationPlatforms) = preSolution
		Debug|Any CPU = Debug|Any CPU
		Release|Any CPU = Release|Any CPU
	EndGlobalSection
	GlobalSection(ProjectConfigurationPlatforms) = postSolution
		{B52B6781-53BC-47BF-8335-A21101AE563C}.Debug|Any CPU.ActiveCfg = Debug|Any CPU
		{B52B6781-53BC-47BF-8335-A21101AE563C}.Debug|Any CPU.Build.0 = Debug|Any CPU
		{B52B6781-53BC-47BF-8335-A21101AE563C}.Release|Any CPU.ActiveCfg = Release|Any CPU
		{B52B6781-53BC-47BF-8335-A21101AE563C}.Release|Any CPU.Build.0 = Release|Any CPU
		{077F357A-5285-48A3-A9EC-908B46FD9EC1}.Debug|Any CPU.ActiveCfg = Debug|Any CPU
		{077F357A-5285-48A3-A9EC-908B46FD9EC1}.Debug|Any CPU.Build.0 = Debug|Any CPU
		{077F357A-5285-48A3-A9EC-908B46FD9EC1}.Release|Any CPU.ActiveCfg = Release|Any CPU
		{077F357A-5285-48A3-A9EC-908B46FD9EC1}.Release|Any CPU.Build.0 = Release|Any CPU
	EndGlobalSection
	GlobalSection(SolutionProperties) = preSolution
		HideSolutionNode = FALSE
	EndGlobalSection
EndGlobal
